
Microsoft Visual Studio Solution File, Format Version 12.00
# Visual Studio Version 17
VisualStudioVersion = 17.11.35327.3
MinimumVisualStudioVersion = 10.0.40219.1
Project("{FAE04EC0-301F-11D3-BF4B-00C04F79EFBC}") = "CursoWindowsForms", "CursoWindowsForms\CursoWindowsForms.csproj", "{F788B462-E001-4995-8A79-8818DBDDC7EF}"
EndProject
Project("{FAE04EC0-301F-11D3-BF4B-00C04F79EFBC}") = "CursoWindowsFormsBiblioteca", "CursoWindowsFormsBiblioteca\CursoWindowsFormsBiblioteca.csproj", "{C6AD84EA-292F-4F8D-91AE-F471E0FF6879}"
EndProject
Global
	GlobalSection(SolutionConfigurationPlatforms) = preSolution
		Debug|Any CPU = Debug|Any CPU
		Release|Any CPU = Release|Any CPU
	EndGlobalSection
	GlobalSection(ProjectConfigurationPlatforms) = postSolution
		{F788B462-E001-4995-8A79-8818DBDDC7EF}.Debug|Any CPU.ActiveCfg = Debug|Any CPU
		{F788B462-E001-4995-8A79-8818DBDDC7EF}.Debug|Any CPU.Build.0 = Debug|Any CPU
		{F788B462-E001-4995-8A79-8818DBDDC7EF}.Release|Any CPU.ActiveCfg = Release|Any CPU
		{F788B462-E001-4995-8A79-8818DBDDC7EF}.Release|Any CPU.Build.0 = Release|Any CPU
		{C6AD84EA-292F-4F8D-91AE-F471E0FF6879}.Debug|Any CPU.ActiveCfg = Debug|Any CPU
		{C6AD84EA-292F-4F8D-91AE-F471E0FF6879}.Debug|Any CPU.Build.0 = Debug|Any CPU
		{C6AD84EA-292F-4F8D-91AE-F471E0FF6879}.Release|Any CPU.ActiveCfg = Release|Any CPU
		{C6AD84EA-292F-4F8D-91AE-F471E0FF6879}.Release|Any CPU.Build.0 = Release|Any CPU
	EndGlobalSection
	GlobalSection(SolutionProperties) = preSolution
		HideSolutionNode = FALSE
	EndGlobalSection
	GlobalSection(ExtensibilityGlobals) = postSolution
		SolutionGuid = {802FFBB6-1EC5-453E-B0CD-4689EE00BE15}
	EndGlobalSection
EndGlobal
